
Microsoft Visual Studio Solution File, Format Version 12.00
# Visual Studio Version 17
VisualStudioVersion = 17.11.35222.181
MinimumVisualStudioVersion = 10.0.40219.1
Project("{FAE04EC0-301F-11D3-BF4B-00C04F79EFBC}") = "ImportSpedWeb", "ImportSpedWeb.csproj", "{18CDF613-F7DE-46E8-9E49-46B17C79F42A}"
EndProject
Global
	GlobalSection(SolutionConfigurationPlatforms) = preSolution
		Debug|Any CPU = Debug|Any CPU
		Release|Any CPU = Release|Any CPU
	EndGlobalSection
	GlobalSection(ProjectConfigurationPlatforms) = postSolution
		{18CDF613-F7DE-46E8-9E49-46B17C79F42A}.Debug|Any CPU.ActiveCfg = Debug|Any CPU
		{18CDF613-F7DE-46E8-9E49-46B17C79F42A}.Debug|Any CPU.Build.0 = Debug|Any CPU
		{18CDF613-F7DE-46E8-9E49-46B17C79F42A}.Release|Any CPU.ActiveCfg = Release|Any CPU
		{18CDF613-F7DE-46E8-9E49-46B17C79F42A}.Release|Any CPU.Build.0 = Release|Any CPU
	EndGlobalSection
	GlobalSection(SolutionProperties) = preSolution
		HideSolutionNode = FALSE
	EndGlobalSection
	GlobalSection(ExtensibilityGlobals) = postSolution
		SolutionGuid = {218F3AC1-8CCC-47B4-AEF7-F1F39D3D207C}
	EndGlobalSection
EndGlobal
